
Microsoft Visual Studio Solution File, Format Version 12.00
# Visual Studio Version 16
VisualStudioVersion = 25.0.1706.2
MinimumVisualStudioVersion = 10.0.40219.1
Project("{FAE04EC0-301F-11D3-BF4B-00C04F79EFBC}") = "backendApi", "backendApi\backendApi.csproj", "{5169C47A-5A20-45CE-A182-66EEC7923F2F}"
EndProject
Global
	GlobalSection(SolutionConfigurationPlatforms) = preSolution
		Debug|Any CPU = Debug|Any CPU
		Release|Any CPU = Release|Any CPU
	EndGlobalSection
	GlobalSection(ProjectConfigurationPlatforms) = postSolution
		{5169C47A-5A20-45CE-A182-66EEC7923F2F}.Debug|Any CPU.ActiveCfg = Debug|Any CPU
		{5169C47A-5A20-45CE-A182-66EEC7923F2F}.Debug|Any CPU.Build.0 = Debug|Any CPU
		{5169C47A-5A20-45CE-A182-66EEC7923F2F}.Release|Any CPU.ActiveCfg = Release|Any CPU
		{5169C47A-5A20-45CE-A182-66EEC7923F2F}.Release|Any CPU.Build.0 = Release|Any CPU
	EndGlobalSection
	GlobalSection(SolutionProperties) = preSolution
		HideSolutionNode = FALSE
	EndGlobalSection
	GlobalSection(ExtensibilityGlobals) = postSolution
		SolutionGuid = {024DAEF2-B3A8-4254-83BF-C894298498B3}
	EndGlobalSection
EndGlobal
